// !$*UTF8*$!
{
	archiveVersion = 1;
	classes = {
	};
	objectVersion = 46;
	objects = {
/* Begin PBXBuildFile section */
		0207DA581B56EA530066E2B4 /* Images.xcassets in Resources */ = {isa = PBXBuildFile; fileRef = 0207DA571B56EA530066E2B4 /* Images.xcassets */; };
		040420A3839446B9971BF083 /* CDVInAppBrowser.m in Sources */ = {isa = PBXBuildFile; fileRef = B6F42A074CA74840B933A447 /* CDVInAppBrowser.m */; };
		0BAE70DF5C4E415EB5595E65 /* SystemConfiguration.framework in Frameworks */ = {isa = PBXBuildFile; fileRef = 56159F00F7AF4354AD70AEEB /* SystemConfiguration.framework */; settings = {ATTRIBUTES = (Weak, ); }; };
		1D3623260D0F684500981E51 /* AppDelegate.m in Sources */ = {isa = PBXBuildFile; fileRef = 1D3623250D0F684500981E51 /* AppDelegate.m */; };
		1D60589B0D05DD56006BFB54 /* main.m in Sources */ = {isa = PBXBuildFile; fileRef = 29B97316FDCFA39411CA2CEA /* main.m */; };
		205EDF869CF742179A69B9A4 /* CDVReachability.m in Sources */ = {isa = PBXBuildFile; fileRef = 397193F4C31F4A20966EEC8D /* CDVReachability.m */; };
		301BF552109A68D80062928A /* libCordova.a in Frameworks */ = {isa = PBXBuildFile; fileRef = 301BF535109A57CC0062928A /* libCordova.a */; };
		302D95F114D2391D003F00A1 /* MainViewController.m in Sources */ = {isa = PBXBuildFile; fileRef = 302D95EF14D2391D003F00A1 /* MainViewController.m */; };
		302D95F214D2391D003F00A1 /* MainViewController.xib in Resources */ = {isa = PBXBuildFile; fileRef = 302D95F014D2391D003F00A1 /* MainViewController.xib */; };
		45CDF731365A46E5AD6C9D5A /* CDVViewController+SplashScreen.m in Sources */ = {isa = PBXBuildFile; fileRef = 3492E063C9544A628C115A1C /* CDVViewController+SplashScreen.m */; };
		4B753ED3C5574B39B0437AE8 /* CoreTelephony.framework in Frameworks */ = {isa = PBXBuildFile; fileRef = 54BFE0DB5A8A4D8CBF47861D /* CoreTelephony.framework */; };
		636AB0ADEE8B43C0979E57F1 /* libz.tbd in Frameworks */ = {isa = PBXBuildFile; fileRef = B4D783DDB0514DFCA7C38947 /* libz.tbd */; };
		69BE2F12D37E492187B85198 /* CDVSplashScreen.m in Sources */ = {isa = PBXBuildFile; fileRef = 394BB83F1E134A30A9B201AE /* CDVSplashScreen.m */; };
		6AFF5BF91D6E424B00AB3073 /* CDVLaunchScreen.storyboard in Resources */ = {isa = PBXBuildFile; fileRef = 6AFF5BF81D6E424B00AB3073 /* CDVLaunchScreen.storyboard */; };
		7F789BF45DA244F3A3E08B4D /* CDVDevice.m in Sources */ = {isa = PBXBuildFile; fileRef = 62D019B3081145EA8562A6D9 /* CDVDevice.m */; };
		89B176B41583497A8ECA6833 /* CDVLogger.m in Sources */ = {isa = PBXBuildFile; fileRef = 7179CE180E8542349C2ED793 /* CDVLogger.m */; };
		B35DD33AC84845A1BCFFAFB3 /* CDVConnection.m in Sources */ = {isa = PBXBuildFile; fileRef = 1C88725B3C6941FD917CB6AC /* CDVConnection.m */; };
		F52770149F51428E9408C65E /* CDVStatusBar.m in Sources */ = {isa = PBXBuildFile; fileRef = 2FF5060615474CE6A5743479 /* CDVStatusBar.m */; };
		F13F14DEA35B447A824031DF /* You Hold.entitlements in Resources */ = {isa = PBXBuildFile; fileRef = 917C9335DC4D4A3CAC5063F3 /* You Hold.entitlements */; };
		8D8985A0666D4727B58020BE /* GooglePlus.m in Sources */ = {isa = PBXBuildFile; fileRef = 3A1FFE3A92A941B4B7C25533 /* GooglePlus.m */; };
		0F3AC68A218E41CA8E0A73B7 /* GoogleAppUtilities.framework in Frameworks */ = {isa = PBXBuildFile; fileRef = 44090D13BC9B4B44BA84A5AA /* GoogleAppUtilities.framework */; };
		569C660E347C4275A2C402A4 /* GoogleAuthUtilities.framework in Frameworks */ = {isa = PBXBuildFile; fileRef = F9A4FB0283BC4AD88C325CE1 /* GoogleAuthUtilities.framework */; };
		CEB3E269C9DA48D6A2082726 /* GoogleNetworkingUtilities.framework in Frameworks */ = {isa = PBXBuildFile; fileRef = 830BB6DCB62349CE8F16CF59 /* GoogleNetworkingUtilities.framework */; };
		6CAED2F2FC3641AB9EF505CF /* GoogleSignIn.framework in Frameworks */ = {isa = PBXBuildFile; fileRef = 8221667D745C4B2EBC0E25CF /* GoogleSignIn.framework */; };
		DD6E34231CB741309D216748 /* GoogleSymbolUtilities.framework in Frameworks */ = {isa = PBXBuildFile; fileRef = 36DA36EBD82D4F85A16559D3 /* GoogleSymbolUtilities.framework */; };
		B6418FF6ED304B0FABD49F8E /* GoogleUtilities.framework in Frameworks */ = {isa = PBXBuildFile; fileRef = 9B18016598104ED6AE53D91F /* GoogleUtilities.framework */; };
		2A8311F4D0E74177B7F4A20D /* AddressBook.framework in Frameworks */ = {isa = PBXBuildFile; fileRef = 85A650D185B84CF4AEDA8B67 /* AddressBook.framework */; settings = {ATTRIBUTES = (Weak, ); }; };
		2660BE6A3CDD449FA4B1867E /* CoreText.framework in Frameworks */ = {isa = PBXBuildFile; fileRef = 1952F1CC153C46878D9A8A37 /* CoreText.framework */; settings = {ATTRIBUTES = (Weak, ); }; };
		892B34EAFADA41ABB0F7A2DE /* SafariServices.framework in Frameworks */ = {isa = PBXBuildFile; fileRef = 35EEFACD045E4BDD896DD5C0 /* SafariServices.framework */; settings = {ATTRIBUTES = (Weak, ); }; };
		1B4EE9185FA349458DEA297D /* Security.framework in Frameworks */ = {isa = PBXBuildFile; fileRef = 3A0AE0821DF643888B9D12EA /* Security.framework */; settings = {ATTRIBUTES = (Weak, ); }; };
		9663E1FC567F4C4699DFA0D3 /* libz.dylib in Frameworks */ = {isa = PBXBuildFile; fileRef = 6F59A65831494AADB0BB35A1 /* libz.dylib */; settings = {ATTRIBUTES = (Weak, ); }; };
		150565C7C4DE4D73B8375108 /* SafariViewController.m in Sources */ = {isa = PBXBuildFile; fileRef = 39C2355EAC9145B1A39BD0A1 /* SafariViewController.m */; };
		627CBB6643314328AED9BCE9 /* FacebookConnectPlugin.m in Sources */ = {isa = PBXBuildFile; fileRef = CEFF5A003BE440D5AF7F35D8 /* FacebookConnectPlugin.m */; };
		BA5A2456B67F44C6ACA2BD73 /* Bolts.framework in Frameworks */ = {isa = PBXBuildFile; fileRef = 0FC07D0B2BFE4DF0A9FCF497 /* Bolts.framework */; };
		C1A18E344A7E4705BBDA1CA3 /* FBSDKCoreKit.framework in Frameworks */ = {isa = PBXBuildFile; fileRef = 04D3A66FD5DC40C284B211B5 /* FBSDKCoreKit.framework */; };
		5CD31FB29863463C8FE1CFB3 /* FBSDKLoginKit.framework in Frameworks */ = {isa = PBXBuildFile; fileRef = 88569A4B6A7949DEB044F60C /* FBSDKLoginKit.framework */; };
		E4D69532751E4D7DA9194FAB /* FBSDKShareKit.framework in Frameworks */ = {isa = PBXBuildFile; fileRef = 6E17B59D4598430382AB2A76 /* FBSDKShareKit.framework */; };
/* End PBXBuildFile section */

/* Begin PBXContainerItemProxy section */
		301BF534109A57CC0062928A /* PBXContainerItemProxy */ = {
			isa = PBXContainerItemProxy;
			containerPortal = 301BF52D109A57CC0062928A /* CordovaLib.xcodeproj */;
			proxyType = 2;
			remoteGlobalIDString = D2AAC07E0554694100DB518D;
			remoteInfo = CordovaLib;
		};
		301BF550109A68C00062928A /* PBXContainerItemProxy */ = {
			isa = PBXContainerItemProxy;
			containerPortal = 301BF52D109A57CC0062928A /* CordovaLib.xcodeproj */;
			proxyType = 1;
			remoteGlobalIDString = D2AAC07D0554694100DB518D;
			remoteInfo = CordovaLib;
		};
/* End PBXContainerItemProxy section */

/* Begin PBXFileReference section */
		0207DA571B56EA530066E2B4 /* Images.xcassets */ = {isa = PBXFileReference; lastKnownFileType = folder.assetcatalog; name = Images.xcassets; path = "You Hold/Images.xcassets"; sourceTree = SOURCE_ROOT; };
		067DE5AF569F416E8DABC744 /* CDVViewController+SplashScreen.h */ = {isa = PBXFileReference; explicitFileType = undefined; fileEncoding = 4; includeInIndex = 0; lastKnownFileType = sourcecode.c.h; name = "CDVViewController+SplashScreen.h"; path = "cordova-plugin-splashscreen/CDVViewController+SplashScreen.h"; sourceTree = "<group>"; };
		0A2F77A0CBBD4FA0811013D2 /* CDVInAppBrowser.h */ = {isa = PBXFileReference; explicitFileType = undefined; fileEncoding = 4; includeInIndex = 0; lastKnownFileType = sourcecode.c.h; name = CDVInAppBrowser.h; path = "cordova-plugin-inappbrowser/CDVInAppBrowser.h"; sourceTree = "<group>"; };
		1C88725B3C6941FD917CB6AC /* CDVConnection.m */ = {isa = PBXFileReference; explicitFileType = undefined; fileEncoding = 4; includeInIndex = 0; lastKnownFileType = sourcecode.c.objc; name = CDVConnection.m; path = "cordova-plugin-network-information/CDVConnection.m"; sourceTree = "<group>"; };
		1D3623240D0F684500981E51 /* AppDelegate.h */ = {isa = PBXFileReference; fileEncoding = 4; lastKnownFileType = sourcecode.c.h; path = AppDelegate.h; sourceTree = "<group>"; };
		1D3623250D0F684500981E51 /* AppDelegate.m */ = {isa = PBXFileReference; fileEncoding = 4; lastKnownFileType = sourcecode.c.objc; path = AppDelegate.m; sourceTree = "<group>"; };
		1D6058910D05DD3D006BFB54 /* You Hold.app */ = {isa = PBXFileReference; explicitFileType = wrapper.application; includeInIndex = 0; path = "You Hold.app"; sourceTree = BUILT_PRODUCTS_DIR; };
		29B97316FDCFA39411CA2CEA /* main.m */ = {isa = PBXFileReference; fileEncoding = 4; lastKnownFileType = sourcecode.c.objc; path = main.m; sourceTree = "<group>"; };
		2FF5060615474CE6A5743479 /* CDVStatusBar.m */ = {isa = PBXFileReference; explicitFileType = undefined; fileEncoding = 4; includeInIndex = 0; lastKnownFileType = sourcecode.c.objc; name = CDVStatusBar.m; path = "cordova-plugin-statusbar/CDVStatusBar.m"; sourceTree = "<group>"; };
		301BF52D109A57CC0062928A /* CordovaLib.xcodeproj */ = {isa = PBXFileReference; lastKnownFileType = "wrapper.pb-project"; name = CordovaLib.xcodeproj; path = CordovaLib/CordovaLib.xcodeproj; sourceTree = "<group>"; };
		301BF56E109A69640062928A /* www */ = {isa = PBXFileReference; lastKnownFileType = folder; path = www; sourceTree = SOURCE_ROOT; };
		302D95EE14D2391D003F00A1 /* MainViewController.h */ = {isa = PBXFileReference; fileEncoding = 4; lastKnownFileType = sourcecode.c.h; path = MainViewController.h; sourceTree = "<group>"; };
		302D95EF14D2391D003F00A1 /* MainViewController.m */ = {isa = PBXFileReference; fileEncoding = 4; lastKnownFileType = sourcecode.c.objc; path = MainViewController.m; sourceTree = "<group>"; };
		302D95F014D2391D003F00A1 /* MainViewController.xib */ = {isa = PBXFileReference; fileEncoding = 4; lastKnownFileType = file.xib; path = MainViewController.xib; sourceTree = "<group>"; };
		3047A50F1AB8059700498E2A /* build-debug.xcconfig */ = {isa = PBXFileReference; fileEncoding = 4; lastKnownFileType = text.xcconfig; name = "build-debug.xcconfig"; path = "cordova/build-debug.xcconfig"; sourceTree = SOURCE_ROOT; };
		3047A5101AB8059700498E2A /* build-release.xcconfig */ = {isa = PBXFileReference; fileEncoding = 4; lastKnownFileType = text.xcconfig; name = "build-release.xcconfig"; path = "cordova/build-release.xcconfig"; sourceTree = SOURCE_ROOT; };
		3047A5111AB8059700498E2A /* build.xcconfig */ = {isa = PBXFileReference; fileEncoding = 4; lastKnownFileType = text.xcconfig; name = build.xcconfig; path = cordova/build.xcconfig; sourceTree = SOURCE_ROOT; };
		32CA4F630368D1EE00C91783 /* You Hold-Prefix.pch */ = {isa = PBXFileReference; fileEncoding = 4; lastKnownFileType = sourcecode.c.h; path = "You Hold-Prefix.pch"; sourceTree = "<group>"; };
		3492E063C9544A628C115A1C /* CDVViewController+SplashScreen.m */ = {isa = PBXFileReference; explicitFileType = undefined; fileEncoding = 4; includeInIndex = 0; lastKnownFileType = sourcecode.c.objc; name = "CDVViewController+SplashScreen.m"; path = "cordova-plugin-splashscreen/CDVViewController+SplashScreen.m"; sourceTree = "<group>"; };
		394BB83F1E134A30A9B201AE /* CDVSplashScreen.m */ = {isa = PBXFileReference; explicitFileType = undefined; fileEncoding = 4; includeInIndex = 0; lastKnownFileType = sourcecode.c.objc; name = CDVSplashScreen.m; path = "cordova-plugin-splashscreen/CDVSplashScreen.m"; sourceTree = "<group>"; };
		397193F4C31F4A20966EEC8D /* CDVReachability.m */ = {isa = PBXFileReference; explicitFileType = undefined; fileEncoding = 4; includeInIndex = 0; lastKnownFileType = sourcecode.c.objc; name = CDVReachability.m; path = "cordova-plugin-network-information/CDVReachability.m"; sourceTree = "<group>"; };
		54BFE0DB5A8A4D8CBF47861D /* CoreTelephony.framework */ = {isa = PBXFileReference; explicitFileType = undefined; fileEncoding = 9; includeInIndex = 0; lastKnownFileType = wrapper.framework; name = CoreTelephony.framework; path = System/Library/Frameworks/CoreTelephony.framework; sourceTree = SDKROOT; };
		56159F00F7AF4354AD70AEEB /* SystemConfiguration.framework */ = {isa = PBXFileReference; explicitFileType = undefined; fileEncoding = 9; includeInIndex = 0; lastKnownFileType = wrapper.framework; name = SystemConfiguration.framework; path = System/Library/Frameworks/SystemConfiguration.framework; sourceTree = SDKROOT; };
		62D019B3081145EA8562A6D9 /* CDVDevice.m */ = {isa = PBXFileReference; explicitFileType = undefined; fileEncoding = 4; includeInIndex = 0; lastKnownFileType = sourcecode.c.objc; name = CDVDevice.m; path = "cordova-plugin-device/CDVDevice.m"; sourceTree = "<group>"; };
		65286877A5A84FBCAE3BB950 /* CDVLogger.h */ = {isa = PBXFileReference; explicitFileType = undefined; fileEncoding = 4; includeInIndex = 0; lastKnownFileType = sourcecode.c.h; name = CDVLogger.h; path = "cordova-plugin-console/CDVLogger.h"; sourceTree = "<group>"; };
		6AFF5BF81D6E424B00AB3073 /* CDVLaunchScreen.storyboard */ = {isa = PBXFileReference; fileEncoding = 4; lastKnownFileType = file.storyboard; name = CDVLaunchScreen.storyboard; path = "You Hold/CDVLaunchScreen.storyboard"; sourceTree = SOURCE_ROOT; };
		7179CE180E8542349C2ED793 /* CDVLogger.m */ = {isa = PBXFileReference; explicitFileType = undefined; fileEncoding = 4; includeInIndex = 0; lastKnownFileType = sourcecode.c.objc; name = CDVLogger.m; path = "cordova-plugin-console/CDVLogger.m"; sourceTree = "<group>"; };
		76D4CC87742B4C7192C25837 /* CDVReachability.h */ = {isa = PBXFileReference; explicitFileType = undefined; fileEncoding = 4; includeInIndex = 0; lastKnownFileType = sourcecode.c.h; name = CDVReachability.h; path = "cordova-plugin-network-information/CDVReachability.h"; sourceTree = "<group>"; };
		78A454817ED540639E8BC45B /* CDVSplashScreen.h */ = {isa = PBXFileReference; explicitFileType = undefined; fileEncoding = 4; includeInIndex = 0; lastKnownFileType = sourcecode.c.h; name = CDVSplashScreen.h; path = "cordova-plugin-splashscreen/CDVSplashScreen.h"; sourceTree = "<group>"; };
		8440859FD1EB4FEBA2C582DE /* CDVDevice.h */ = {isa = PBXFileReference; explicitFileType = undefined; fileEncoding = 4; includeInIndex = 0; lastKnownFileType = sourcecode.c.h; name = CDVDevice.h; path = "cordova-plugin-device/CDVDevice.h"; sourceTree = "<group>"; };
		8D1107310486CEB800E47090 /* You Hold-Info.plist */ = {isa = PBXFileReference; fileEncoding = 4; lastKnownFileType = text.plist.xml; name = "You Hold-Info.plist"; path = "You Hold/You Hold-Info.plist"; plistStructureDefinitionIdentifier = "com.apple.xcode.plist.structure-definition.iphone.info-plist"; sourceTree = SOURCE_ROOT; };
		B4D783DDB0514DFCA7C38947 /* libz.tbd */ = {isa = PBXFileReference; explicitFileType = undefined; fileEncoding = 9; includeInIndex = 0; lastKnownFileType = "sourcecode.text-based-dylib-definition"; name = libz.tbd; path = usr/lib/libz.tbd; sourceTree = SDKROOT; };
		B6F42A074CA74840B933A447 /* CDVInAppBrowser.m */ = {isa = PBXFileReference; explicitFileType = undefined; fileEncoding = 4; includeInIndex = 0; lastKnownFileType = sourcecode.c.objc; name = CDVInAppBrowser.m; path = "cordova-plugin-inappbrowser/CDVInAppBrowser.m"; sourceTree = "<group>"; };
		EB87FDF31871DA8E0020F90C /* www */ = {isa = PBXFileReference; lastKnownFileType = folder; name = www; path = ../../www; sourceTree = "<group>"; };
		EB87FDF41871DAF40020F90C /* config.xml */ = {isa = PBXFileReference; lastKnownFileType = text.xml; name = config.xml; path = ../../config.xml; sourceTree = "<group>"; };
		ED33DF2A687741AEAF9F8254 /* Bridging-Header.h */ = {isa = PBXFileReference; fileEncoding = 4; lastKnownFileType = sourcecode.c.h; path = "Bridging-Header.h"; sourceTree = "<group>"; };
		F840E1F0165FE0F500CFE078 /* config.xml */ = {isa = PBXFileReference; lastKnownFileType = text.xml; name = config.xml; path = "You Hold/config.xml"; sourceTree = "<group>"; };
		F8B74B90A3CA49DEBA00CD26 /* CDVConnection.h */ = {isa = PBXFileReference; explicitFileType = undefined; fileEncoding = 4; includeInIndex = 0; lastKnownFileType = sourcecode.c.h; name = CDVConnection.h; path = "cordova-plugin-network-information/CDVConnection.h"; sourceTree = "<group>"; };
		FE054D45764B4F76A287D409 /* CDVStatusBar.h */ = {isa = PBXFileReference; explicitFileType = undefined; fileEncoding = 4; includeInIndex = 0; lastKnownFileType = sourcecode.c.h; name = CDVStatusBar.h; path = "cordova-plugin-statusbar/CDVStatusBar.h"; sourceTree = "<group>"; };
		917C9335DC4D4A3CAC5063F3 /* You Hold.entitlements */ = {isa = PBXFileReference; lastKnownFileType = unknown; name = "You Hold.entitlements"; path = "You Hold.entitlements"; sourceTree = "<group>"; fileEncoding = 4; };
		3A1FFE3A92A941B4B7C25533 /* GooglePlus.m */ = {isa = PBXFileReference; name = "GooglePlus.m"; path = "cordova-plugin-googleplus/GooglePlus.m"; sourceTree = "<group>"; fileEncoding = 4; lastKnownFileType = sourcecode.c.objc; explicitFileType = undefined; includeInIndex = 0; };
		039B5E00C65242E486571936 /* GooglePlus.h */ = {isa = PBXFileReference; name = "GooglePlus.h"; path = "cordova-plugin-googleplus/GooglePlus.h"; sourceTree = "<group>"; fileEncoding = 4; lastKnownFileType = sourcecode.c.h; explicitFileType = undefined; includeInIndex = 0; };
		44090D13BC9B4B44BA84A5AA /* GoogleAppUtilities.framework */ = {isa = PBXFileReference; name = "GoogleAppUtilities.framework"; path = "You Hold/Plugins/cordova-plugin-googleplus/GoogleAppUtilities.framework"; sourceTree = "<group>"; fileEncoding = undefined; lastKnownFileType = wrapper.framework; explicitFileType = undefined; includeInIndex = 0; };
		F9A4FB0283BC4AD88C325CE1 /* GoogleAuthUtilities.framework */ = {isa = PBXFileReference; name = "GoogleAuthUtilities.framework"; path = "You Hold/Plugins/cordova-plugin-googleplus/GoogleAuthUtilities.framework"; sourceTree = "<group>"; fileEncoding = undefined; lastKnownFileType = wrapper.framework; explicitFileType = undefined; includeInIndex = 0; };
		830BB6DCB62349CE8F16CF59 /* GoogleNetworkingUtilities.framework */ = {isa = PBXFileReference; name = "GoogleNetworkingUtilities.framework"; path = "You Hold/Plugins/cordova-plugin-googleplus/GoogleNetworkingUtilities.framework"; sourceTree = "<group>"; fileEncoding = undefined; lastKnownFileType = wrapper.framework; explicitFileType = undefined; includeInIndex = 0; };
		8221667D745C4B2EBC0E25CF /* GoogleSignIn.framework */ = {isa = PBXFileReference; name = "GoogleSignIn.framework"; path = "You Hold/Plugins/cordova-plugin-googleplus/GoogleSignIn.framework"; sourceTree = "<group>"; fileEncoding = undefined; lastKnownFileType = wrapper.framework; explicitFileType = undefined; includeInIndex = 0; };
		36DA36EBD82D4F85A16559D3 /* GoogleSymbolUtilities.framework */ = {isa = PBXFileReference; name = "GoogleSymbolUtilities.framework"; path = "You Hold/Plugins/cordova-plugin-googleplus/GoogleSymbolUtilities.framework"; sourceTree = "<group>"; fileEncoding = undefined; lastKnownFileType = wrapper.framework; explicitFileType = undefined; includeInIndex = 0; };
		9B18016598104ED6AE53D91F /* GoogleUtilities.framework */ = {isa = PBXFileReference; name = "GoogleUtilities.framework"; path = "You Hold/Plugins/cordova-plugin-googleplus/GoogleUtilities.framework"; sourceTree = "<group>"; fileEncoding = undefined; lastKnownFileType = wrapper.framework; explicitFileType = undefined; includeInIndex = 0; };
		85A650D185B84CF4AEDA8B67 /* AddressBook.framework */ = {isa = PBXFileReference; name = "AddressBook.framework"; path = "System/Library/Frameworks/AddressBook.framework"; sourceTree = SDKROOT; fileEncoding = undefined; lastKnownFileType = wrapper.framework; explicitFileType = undefined; includeInIndex = 0; };
		1952F1CC153C46878D9A8A37 /* CoreText.framework */ = {isa = PBXFileReference; name = "CoreText.framework"; path = "System/Library/Frameworks/CoreText.framework"; sourceTree = SDKROOT; fileEncoding = undefined; lastKnownFileType = wrapper.framework; explicitFileType = undefined; includeInIndex = 0; };
		35EEFACD045E4BDD896DD5C0 /* SafariServices.framework */ = {isa = PBXFileReference; name = "SafariServices.framework"; path = "System/Library/Frameworks/SafariServices.framework"; sourceTree = SDKROOT; fileEncoding = undefined; lastKnownFileType = wrapper.framework; explicitFileType = undefined; includeInIndex = 0; };
		3A0AE0821DF643888B9D12EA /* Security.framework */ = {isa = PBXFileReference; name = "Security.framework"; path = "System/Library/Frameworks/Security.framework"; sourceTree = SDKROOT; fileEncoding = undefined; lastKnownFileType = wrapper.framework; explicitFileType = undefined; includeInIndex = 0; };
		6F59A65831494AADB0BB35A1 /* libz.dylib */ = {isa = PBXFileReference; name = "libz.dylib"; path = "usr/lib/libz.dylib"; sourceTree = SDKROOT; fileEncoding = undefined; lastKnownFileType = compiled.mach-o.dylib; explicitFileType = undefined; includeInIndex = 0; };
		39C2355EAC9145B1A39BD0A1 /* SafariViewController.m */ = {isa = PBXFileReference; name = "SafariViewController.m"; path = "cordova-plugin-safariviewcontroller/SafariViewController.m"; sourceTree = "<group>"; fileEncoding = 4; lastKnownFileType = sourcecode.c.objc; explicitFileType = undefined; includeInIndex = 0; };
		78A73EA79CFE4C93A560CF9B /* SafariViewController.h */ = {isa = PBXFileReference; name = "SafariViewController.h"; path = "cordova-plugin-safariviewcontroller/SafariViewController.h"; sourceTree = "<group>"; fileEncoding = 4; lastKnownFileType = sourcecode.c.h; explicitFileType = undefined; includeInIndex = 0; };
		CEFF5A003BE440D5AF7F35D8 /* FacebookConnectPlugin.m */ = {isa = PBXFileReference; name = "FacebookConnectPlugin.m"; path = "cordova-plugin-facebook4/FacebookConnectPlugin.m"; sourceTree = "<group>"; fileEncoding = 4; lastKnownFileType = sourcecode.c.objc; explicitFileType = undefined; includeInIndex = 0; };
		47DE2463D4BA4253BEFFAE6E /* FacebookConnectPlugin.h */ = {isa = PBXFileReference; name = "FacebookConnectPlugin.h"; path = "cordova-plugin-facebook4/FacebookConnectPlugin.h"; sourceTree = "<group>"; fileEncoding = 4; lastKnownFileType = sourcecode.c.h; explicitFileType = undefined; includeInIndex = 0; };
		0FC07D0B2BFE4DF0A9FCF497 /* Bolts.framework */ = {isa = PBXFileReference; name = "Bolts.framework"; path = "You Hold/Plugins/cordova-plugin-facebook4/Bolts.framework"; sourceTree = "<group>"; fileEncoding = undefined; lastKnownFileType = wrapper.framework; explicitFileType = undefined; includeInIndex = 0; };
		04D3A66FD5DC40C284B211B5 /* FBSDKCoreKit.framework */ = {isa = PBXFileReference; name = "FBSDKCoreKit.framework"; path = "You Hold/Plugins/cordova-plugin-facebook4/FBSDKCoreKit.framework"; sourceTree = "<group>"; fileEncoding = undefined; lastKnownFileType = wrapper.framework; explicitFileType = undefined; includeInIndex = 0; };
		88569A4B6A7949DEB044F60C /* FBSDKLoginKit.framework */ = {isa = PBXFileReference; name = "FBSDKLoginKit.framework"; path = "You Hold/Plugins/cordova-plugin-facebook4/FBSDKLoginKit.framework"; sourceTree = "<group>"; fileEncoding = undefined; lastKnownFileType = wrapper.framework; explicitFileType = undefined; includeInIndex = 0; };
		6E17B59D4598430382AB2A76 /* FBSDKShareKit.framework */ = {isa = PBXFileReference; name = "FBSDKShareKit.framework"; path = "You Hold/Plugins/cordova-plugin-facebook4/FBSDKShareKit.framework"; sourceTree = "<group>"; fileEncoding = undefined; lastKnownFileType = wrapper.framework; explicitFileType = undefined; includeInIndex = 0; };
/* End PBXFileReference section */

/* Begin PBXFrameworksBuildPhase section */
		1D60588F0D05DD3D006BFB54 /* Frameworks */ = {
			isa = PBXFrameworksBuildPhase;
			buildActionMask = 2147483647;
			files = (
				301BF552109A68D80062928A /* libCordova.a in Frameworks */,
				636AB0ADEE8B43C0979E57F1 /* libz.tbd in Frameworks */,
				0BAE70DF5C4E415EB5595E65 /* SystemConfiguration.framework in Frameworks */,
				4B753ED3C5574B39B0437AE8 /* CoreTelephony.framework in Frameworks */,
				0F3AC68A218E41CA8E0A73B7 /* GoogleAppUtilities.framework in Frameworks */,
				569C660E347C4275A2C402A4 /* GoogleAuthUtilities.framework in Frameworks */,
				CEB3E269C9DA48D6A2082726 /* GoogleNetworkingUtilities.framework in Frameworks */,
				6CAED2F2FC3641AB9EF505CF /* GoogleSignIn.framework in Frameworks */,
				DD6E34231CB741309D216748 /* GoogleSymbolUtilities.framework in Frameworks */,
				B6418FF6ED304B0FABD49F8E /* GoogleUtilities.framework in Frameworks */,
				2A8311F4D0E74177B7F4A20D /* AddressBook.framework in Frameworks */,
				2660BE6A3CDD449FA4B1867E /* CoreText.framework in Frameworks */,
				892B34EAFADA41ABB0F7A2DE /* SafariServices.framework in Frameworks */,
				1B4EE9185FA349458DEA297D /* Security.framework in Frameworks */,
				9663E1FC567F4C4699DFA0D3 /* libz.dylib in Frameworks */,
				BA5A2456B67F44C6ACA2BD73 /* Bolts.framework in Frameworks */,
				C1A18E344A7E4705BBDA1CA3 /* FBSDKCoreKit.framework in Frameworks */,
				5CD31FB29863463C8FE1CFB3 /* FBSDKLoginKit.framework in Frameworks */,
				E4D69532751E4D7DA9194FAB /* FBSDKShareKit.framework in Frameworks */,
			);
			runOnlyForDeploymentPostprocessing = 0;
		};
/* End PBXFrameworksBuildPhase section */

/* Begin PBXGroup section */
		080E96DDFE201D6D7F000001 /* Classes */ = {
			isa = PBXGroup;
			children = (
				302D95EE14D2391D003F00A1 /* MainViewController.h */,
				302D95EF14D2391D003F00A1 /* MainViewController.m */,
				302D95F014D2391D003F00A1 /* MainViewController.xib */,
				1D3623240D0F684500981E51 /* AppDelegate.h */,
				1D3623250D0F684500981E51 /* AppDelegate.m */,
			);
			name = Classes;
			path = "You Hold/Classes";
			sourceTree = SOURCE_ROOT;
		};
		19C28FACFE9D520D11CA2CBB /* Products */ = {
			isa = PBXGroup;
			children = (
				1D6058910D05DD3D006BFB54 /* You Hold.app */,
			);
			name = Products;
			sourceTree = "<group>";
		};
		29B97314FDCFA39411CA2CEA /* CustomTemplate */ = {
			isa = PBXGroup;
			children = (
				EB87FDF41871DAF40020F90C /* config.xml */,
				EB87FDF31871DA8E0020F90C /* www */,
				EB87FDF11871DA420020F90C /* Staging */,
				301BF52D109A57CC0062928A /* CordovaLib.xcodeproj */,
				080E96DDFE201D6D7F000001 /* Classes */,
				307C750510C5A3420062BCA9 /* Plugins */,
				29B97315FDCFA39411CA2CEA /* Other Sources */,
				29B97317FDCFA39411CA2CEA /* Resources */,
				29B97323FDCFA39411CA2CEA /* Frameworks */,
				19C28FACFE9D520D11CA2CBB /* Products */,
			);
			name = CustomTemplate;
			sourceTree = "<group>";
		};
		29B97315FDCFA39411CA2CEA /* Other Sources */ = {
			isa = PBXGroup;
			children = (
				32CA4F630368D1EE00C91783 /* You Hold-Prefix.pch */,
				29B97316FDCFA39411CA2CEA /* main.m */,
				ED33DF2A687741AEAF9F8254 /* Bridging-Header.h */,
			);
			name = "Other Sources";
			path = "You Hold";
			sourceTree = "<group>";
		};
		29B97317FDCFA39411CA2CEA /* Resources */ = {
			isa = PBXGroup;
			children = (
				0207DA571B56EA530066E2B4 /* Images.xcassets */,
				3047A50E1AB8057F00498E2A /* config */,
				8D1107310486CEB800E47090 /* You Hold-Info.plist */,
				6AFF5BF81D6E424B00AB3073 /* CDVLaunchScreen.storyboard */,
				917C9335DC4D4A3CAC5063F3 /* You Hold.entitlements */,
			);
			name = Resources;
			path = "You Hold/Resources";
			sourceTree = "<group>";
		};
		29B97323FDCFA39411CA2CEA /* Frameworks */ = {
			isa = PBXGroup;
			children = (
				B4D783DDB0514DFCA7C38947 /* libz.tbd */,
				56159F00F7AF4354AD70AEEB /* SystemConfiguration.framework */,
				54BFE0DB5A8A4D8CBF47861D /* CoreTelephony.framework */,
				44090D13BC9B4B44BA84A5AA /* GoogleAppUtilities.framework */,
				F9A4FB0283BC4AD88C325CE1 /* GoogleAuthUtilities.framework */,
				830BB6DCB62349CE8F16CF59 /* GoogleNetworkingUtilities.framework */,
				8221667D745C4B2EBC0E25CF /* GoogleSignIn.framework */,
				36DA36EBD82D4F85A16559D3 /* GoogleSymbolUtilities.framework */,
				9B18016598104ED6AE53D91F /* GoogleUtilities.framework */,
				85A650D185B84CF4AEDA8B67 /* AddressBook.framework */,
				1952F1CC153C46878D9A8A37 /* CoreText.framework */,
				35EEFACD045E4BDD896DD5C0 /* SafariServices.framework */,
				3A0AE0821DF643888B9D12EA /* Security.framework */,
				6F59A65831494AADB0BB35A1 /* libz.dylib */,
				0FC07D0B2BFE4DF0A9FCF497 /* Bolts.framework */,
				04D3A66FD5DC40C284B211B5 /* FBSDKCoreKit.framework */,
				88569A4B6A7949DEB044F60C /* FBSDKLoginKit.framework */,
				6E17B59D4598430382AB2A76 /* FBSDKShareKit.framework */,
			);
			name = Frameworks;
			sourceTree = "<group>";
		};
		301BF52E109A57CC0062928A /* Products */ = {
			isa = PBXGroup;
			children = (
				301BF535109A57CC0062928A /* libCordova.a */,
			);
			name = Products;
			sourceTree = "<group>";
		};
		3047A50E1AB8057F00498E2A /* config */ = {
			isa = PBXGroup;
			children = (
				3047A50F1AB8059700498E2A /* build-debug.xcconfig */,
				3047A5101AB8059700498E2A /* build-release.xcconfig */,
				3047A5111AB8059700498E2A /* build.xcconfig */,
			);
			name = config;
			sourceTree = "<group>";
		};
		307C750510C5A3420062BCA9 /* Plugins */ = {
			isa = PBXGroup;
			children = (
				7179CE180E8542349C2ED793 /* CDVLogger.m */,
				65286877A5A84FBCAE3BB950 /* CDVLogger.h */,
				62D019B3081145EA8562A6D9 /* CDVDevice.m */,
				8440859FD1EB4FEBA2C582DE /* CDVDevice.h */,
				B6F42A074CA74840B933A447 /* CDVInAppBrowser.m */,
				0A2F77A0CBBD4FA0811013D2 /* CDVInAppBrowser.h */,
				1C88725B3C6941FD917CB6AC /* CDVConnection.m */,
				397193F4C31F4A20966EEC8D /* CDVReachability.m */,
				F8B74B90A3CA49DEBA00CD26 /* CDVConnection.h */,
				76D4CC87742B4C7192C25837 /* CDVReachability.h */,
				394BB83F1E134A30A9B201AE /* CDVSplashScreen.m */,
				3492E063C9544A628C115A1C /* CDVViewController+SplashScreen.m */,
				78A454817ED540639E8BC45B /* CDVSplashScreen.h */,
				067DE5AF569F416E8DABC744 /* CDVViewController+SplashScreen.h */,
				2FF5060615474CE6A5743479 /* CDVStatusBar.m */,
				FE054D45764B4F76A287D409 /* CDVStatusBar.h */,
				3A1FFE3A92A941B4B7C25533 /* GooglePlus.m */,
				039B5E00C65242E486571936 /* GooglePlus.h */,
				39C2355EAC9145B1A39BD0A1 /* SafariViewController.m */,
				78A73EA79CFE4C93A560CF9B /* SafariViewController.h */,
				CEFF5A003BE440D5AF7F35D8 /* FacebookConnectPlugin.m */,
				47DE2463D4BA4253BEFFAE6E /* FacebookConnectPlugin.h */,
			);
			name = Plugins;
			path = "You Hold/Plugins";
			sourceTree = SOURCE_ROOT;
		};
		EB87FDF11871DA420020F90C /* Staging */ = {
			isa = PBXGroup;
			children = (
				F840E1F0165FE0F500CFE078 /* config.xml */,
				301BF56E109A69640062928A /* www */,
			);
			name = Staging;
			sourceTree = "<group>";
		};
/* End PBXGroup section */

/* Begin PBXNativeTarget section */
		1D6058900D05DD3D006BFB54 /* You Hold */ = {
			isa = PBXNativeTarget;
			buildConfigurationList = 1D6058960D05DD3E006BFB54 /* Build configuration list for PBXNativeTarget "You Hold" */;
			buildPhases = (
				304B58A110DAC018002A0835 /* Copy www directory */,
				1D60588D0D05DD3D006BFB54 /* Resources */,
				1D60588E0D05DD3D006BFB54 /* Sources */,
				1D60588F0D05DD3D006BFB54 /* Frameworks */,
			);
			buildRules = (
			);
			dependencies = (
				301BF551109A68C00062928A /* PBXTargetDependency */,
			);
			name = "You Hold";
			productName = "You Hold";
			productReference = 1D6058910D05DD3D006BFB54 /* You Hold.app */;
			productType = "com.apple.product-type.application";
		};
/* End PBXNativeTarget section */

/* Begin PBXProject section */
		29B97313FDCFA39411CA2CEA /* Project object */ = {
			isa = PBXProject;
			attributes = {
				LastUpgradeCheck = 510;
				TargetAttributes = {
					1D6058900D05DD3D006BFB54 = {
						DevelopmentTeam = BHLKP38LB6;
						ProvisioningStyle = Automatic;
					};
				};
			};
			buildConfigurationList = C01FCF4E08A954540054247B /* Build configuration list for PBXProject "You Hold" */;
			compatibilityVersion = "Xcode 3.2";
			developmentRegion = English;
			hasScannedForEncodings = 1;
			knownRegions = (
				en,
			);
			mainGroup = 29B97314FDCFA39411CA2CEA /* CustomTemplate */;
			projectDirPath = "";
			projectReferences = (
				{
					ProductGroup = 301BF52E109A57CC0062928A /* Products */;
					ProjectRef = 301BF52D109A57CC0062928A /* CordovaLib.xcodeproj */;
				},
			);
			projectRoot = "";
			targets = (
				1D6058900D05DD3D006BFB54 /* You Hold */,
			);
		};
/* End PBXProject section */

/* Begin PBXReferenceProxy section */
		301BF535109A57CC0062928A /* libCordova.a */ = {
			isa = PBXReferenceProxy;
			fileType = archive.ar;
			path = libCordova.a;
			remoteRef = 301BF534109A57CC0062928A /* PBXContainerItemProxy */;
			sourceTree = BUILT_PRODUCTS_DIR;
		};
/* End PBXReferenceProxy section */

/* Begin PBXResourcesBuildPhase section */
		1D60588D0D05DD3D006BFB54 /* Resources */ = {
			isa = PBXResourcesBuildPhase;
			buildActionMask = 2147483647;
			files = (
				302D95F214D2391D003F00A1 /* MainViewController.xib in Resources */,
				0207DA581B56EA530066E2B4 /* Images.xcassets in Resources */,
				6AFF5BF91D6E424B00AB3073 /* CDVLaunchScreen.storyboard in Resources */,
				F13F14DEA35B447A824031DF /* You Hold.entitlements in Resources */,
			);
			runOnlyForDeploymentPostprocessing = 0;
		};
/* End PBXResourcesBuildPhase section */

/* Begin PBXShellScriptBuildPhase section */
		304B58A110DAC018002A0835 /* Copy www directory */ = {
			isa = PBXShellScriptBuildPhase;
			buildActionMask = 2147483647;
			files = (
			);
			inputPaths = (
			);
			name = "Copy www directory";
			outputPaths = (
			);
			runOnlyForDeploymentPostprocessing = 0;
			shellPath = /bin/sh;
			shellScript = "NODEJS_PATH=/usr/local/bin; NVM_NODE_PATH=~/.nvm/versions/node/`nvm version 2>/dev/null`/bin; N_NODE_PATH=`find /usr/local/n/versions/node/* -maxdepth 0 -type d 2>/dev/null | tail -1`/bin; XCODE_NODE_PATH=`xcode-select --print-path`/usr/share/xcs/Node/bin; PATH=$NODEJS_PATH:$NVM_NODE_PATH:$N_NODE_PATH:$XCODE_NODE_PATH:$PATH && node cordova/lib/copy-www-build-step.js";
			showEnvVarsInLog = 0;
		};
/* End PBXShellScriptBuildPhase section */

/* Begin PBXSourcesBuildPhase section */
		1D60588E0D05DD3D006BFB54 /* Sources */ = {
			isa = PBXSourcesBuildPhase;
			buildActionMask = 2147483647;
			files = (
				1D60589B0D05DD56006BFB54 /* main.m in Sources */,
				1D3623260D0F684500981E51 /* AppDelegate.m in Sources */,
				302D95F114D2391D003F00A1 /* MainViewController.m in Sources */,
				89B176B41583497A8ECA6833 /* CDVLogger.m in Sources */,
				7F789BF45DA244F3A3E08B4D /* CDVDevice.m in Sources */,
				040420A3839446B9971BF083 /* CDVInAppBrowser.m in Sources */,
				B35DD33AC84845A1BCFFAFB3 /* CDVConnection.m in Sources */,
				205EDF869CF742179A69B9A4 /* CDVReachability.m in Sources */,
				69BE2F12D37E492187B85198 /* CDVSplashScreen.m in Sources */,
				45CDF731365A46E5AD6C9D5A /* CDVViewController+SplashScreen.m in Sources */,
				F52770149F51428E9408C65E /* CDVStatusBar.m in Sources */,
				8D8985A0666D4727B58020BE /* GooglePlus.m in Sources */,
				150565C7C4DE4D73B8375108 /* SafariViewController.m in Sources */,
				627CBB6643314328AED9BCE9 /* FacebookConnectPlugin.m in Sources */,
			);
			runOnlyForDeploymentPostprocessing = 0;
		};
/* End PBXSourcesBuildPhase section */

/* Begin PBXTargetDependency section */
		301BF551109A68C00062928A /* PBXTargetDependency */ = {
			isa = PBXTargetDependency;
			name = CordovaLib;
			targetProxy = 301BF550109A68C00062928A /* PBXContainerItemProxy */;
		};
/* End PBXTargetDependency section */

/* Begin XCBuildConfiguration section */
		1D6058940D05DD3E006BFB54 /* Debug */ = {
			isa = XCBuildConfiguration;
			baseConfigurationReference = 3047A50F1AB8059700498E2A /* build-debug.xcconfig */;
			buildSettings = {
				ALWAYS_SEARCH_USER_PATHS = NO;
				ASSETCATALOG_COMPILER_APPICON_NAME = AppIcon;
				ASSETCATALOG_COMPILER_LAUNCHIMAGE_NAME = LaunchImage;
				CLANG_ENABLE_MODULES = YES;
				CLANG_ENABLE_OBJC_ARC = YES;
				"CODE_SIGN_IDENTITY[sdk=iphoneos*]" = "iPhone Developer";
				COPY_PHASE_STRIP = NO;
				DEVELOPMENT_TEAM = BHLKP38LB6;
				GCC_DYNAMIC_NO_PIC = NO;
				GCC_OPTIMIZATION_LEVEL = 0;
				GCC_PRECOMPILE_PREFIX_HEADER = YES;
				GCC_PREFIX_HEADER = "You Hold/You Hold-Prefix.pch";
				GCC_THUMB_SUPPORT = NO;
				GCC_VERSION = "";
				INFOPLIST_FILE = "You Hold/You Hold-Info.plist";
				IPHONEOS_DEPLOYMENT_TARGET = 8.0;
				LD_RUNPATH_SEARCH_PATHS = "@executable_path/Frameworks";
				PRODUCT_BUNDLE_IDENTIFIER = com.bridgewinners.youhold;
				PRODUCT_NAME = "You Hold";
				PROVISIONING_PROFILE = "";
				PROVISIONING_PROFILE_SPECIFIER = "";
				TARGETED_DEVICE_FAMILY = "1,2";
				FRAMEWORK_SEARCH_PATHS = (
					"$(inherited)",
					"\"You Hold/Plugins/cordova-plugin-facebook4\"",
					"\"You Hold/Plugins/cordova-plugin-facebook4\"",
					"\"You Hold/Plugins/cordova-plugin-facebook4\"",
					"\"You Hold/Plugins/cordova-plugin-facebook4\"",
					"\"You Hold/Plugins/cordova-plugin-facebook4\"",
					"\"You Hold/Plugins/cordova-plugin-facebook4\"",
					"\"You Hold/Plugins/cordova-plugin-facebook4\"",
					"\"You Hold/Plugins/cordova-plugin-facebook4\"",
					"\"You Hold/Plugins/cordova-plugin-googleplus\"",
					"\"You Hold/Plugins/cordova-plugin-googleplus\"",
					"\"You Hold/Plugins/cordova-plugin-googleplus\"",
					"\"You Hold/Plugins/cordova-plugin-googleplus\"",
					"\"You Hold/Plugins/cordova-plugin-googleplus\"",
					"\"You Hold/Plugins/cordova-plugin-googleplus\"",
					"\"You Hold/Plugins/cordova-plugin-googleplus\"",
					"\"You Hold/Plugins/cordova-plugin-googleplus\"",
					"\"You Hold/Plugins/cordova-plugin-googleplus\"",
					"\"You Hold/Plugins/cordova-plugin-googleplus\"",
					"\"You Hold/Plugins/cordova-plugin-googleplus\"",
					"\"You Hold/Plugins/cordova-plugin-googleplus\"",
					"\"You Hold/Plugins/cordova-plugin-googleplus\"",
					"\"You Hold/Plugins/cordova-plugin-googleplus\"",
					"\"You Hold/Plugins/cordova-plugin-googleplus\"",
					"\"You Hold/Plugins/cordova-plugin-googleplus\"",
					"\"You Hold/Plugins/cordova-plugin-googleplus\"",
					"\"You Hold/Plugins/cordova-plugin-googleplus\"",
					"\"You Hold/Plugins/phonegap-facebook-plugin\"",
					"\"You Hold/Plugins/phonegap-facebook-plugin\"",
					"\"You Hold/Plugins/cordova-plugin-facebook4\"",
					"\"You Hold/Plugins/cordova-plugin-facebook4\"",
					"\"You Hold/Plugins/cordova-plugin-facebook4\"",
					"\"You Hold/Plugins/cordova-plugin-facebook4\"",
				);
				CODE_SIGN_ENTITLEMENTS = "You Hold/Resources/You Hold.entitlements";
			};
			name = Debug;
		};
		1D6058950D05DD3E006BFB54 /* Release */ = {
			isa = XCBuildConfiguration;
			baseConfigurationReference = 3047A5101AB8059700498E2A /* build-release.xcconfig */;
			buildSettings = {
				ALWAYS_SEARCH_USER_PATHS = NO;
				ASSETCATALOG_COMPILER_APPICON_NAME = AppIcon;
				ASSETCATALOG_COMPILER_LAUNCHIMAGE_NAME = LaunchImage;
				CLANG_ENABLE_MODULES = YES;
				CLANG_ENABLE_OBJC_ARC = YES;
				"CODE_SIGN_IDENTITY[sdk=iphoneos*]" = "iPhone Developer";
				COPY_PHASE_STRIP = YES;
				DEVELOPMENT_TEAM = BHLKP38LB6;
				GCC_PRECOMPILE_PREFIX_HEADER = YES;
				GCC_PREFIX_HEADER = "You Hold/You Hold-Prefix.pch";
				GCC_THUMB_SUPPORT = NO;
				GCC_VERSION = "";
				INFOPLIST_FILE = "You Hold/You Hold-Info.plist";
				IPHONEOS_DEPLOYMENT_TARGET = 8.0;
				LD_RUNPATH_SEARCH_PATHS = "@executable_path/Frameworks";
				PRODUCT_BUNDLE_IDENTIFIER = com.bridgewinners.youhold;
				PRODUCT_NAME = "You Hold";
				PROVISIONING_PROFILE = "";
				PROVISIONING_PROFILE_SPECIFIER = "";
				TARGETED_DEVICE_FAMILY = "1,2";
				FRAMEWORK_SEARCH_PATHS = (
					"$(inherited)",
					"\"You Hold/Plugins/cordova-plugin-facebook4\"",
					"\"You Hold/Plugins/cordova-plugin-facebook4\"",
					"\"You Hold/Plugins/cordova-plugin-facebook4\"",
					"\"You Hold/Plugins/cordova-plugin-facebook4\"",
					"\"You Hold/Plugins/cordova-plugin-facebook4\"",
					"\"You Hold/Plugins/cordova-plugin-facebook4\"",
					"\"You Hold/Plugins/cordova-plugin-facebook4\"",
					"\"You Hold/Plugins/cordova-plugin-facebook4\"",
					"\"You Hold/Plugins/cordova-plugin-googleplus\"",
					"\"You Hold/Plugins/cordova-plugin-googleplus\"",
					"\"You Hold/Plugins/cordova-plugin-googleplus\"",
					"\"You Hold/Plugins/cordova-plugin-googleplus\"",
					"\"You Hold/Plugins/cordova-plugin-googleplus\"",
					"\"You Hold/Plugins/cordova-plugin-googleplus\"",
					"\"You Hold/Plugins/cordova-plugin-googleplus\"",
					"\"You Hold/Plugins/cordova-plugin-googleplus\"",
					"\"You Hold/Plugins/cordova-plugin-googleplus\"",
					"\"You Hold/Plugins/cordova-plugin-googleplus\"",
					"\"You Hold/Plugins/cordova-plugin-googleplus\"",
					"\"You Hold/Plugins/cordova-plugin-googleplus\"",
					"\"You Hold/Plugins/cordova-plugin-googleplus\"",
					"\"You Hold/Plugins/cordova-plugin-googleplus\"",
					"\"You Hold/Plugins/cordova-plugin-googleplus\"",
					"\"You Hold/Plugins/cordova-plugin-googleplus\"",
					"\"You Hold/Plugins/cordova-plugin-googleplus\"",
					"\"You Hold/Plugins/cordova-plugin-googleplus\"",
					"\"You Hold/Plugins/phonegap-facebook-plugin\"",
					"\"You Hold/Plugins/phonegap-facebook-plugin\"",
					"\"You Hold/Plugins/cordova-plugin-facebook4\"",
					"\"You Hold/Plugins/cordova-plugin-facebook4\"",
					"\"You Hold/Plugins/cordova-plugin-facebook4\"",
					"\"You Hold/Plugins/cordova-plugin-facebook4\"",
				);
				CODE_SIGN_ENTITLEMENTS = "You Hold/Resources/You Hold.entitlements";
			};
			name = Release;
		};
		C01FCF4F08A954540054247B /* Debug */ = {
			isa = XCBuildConfiguration;
			baseConfigurationReference = 3047A5111AB8059700498E2A /* build.xcconfig */;
			buildSettings = {
				ASSETCATALOG_COMPILER_LAUNCHIMAGE_NAME = LaunchImage;
				CLANG_ENABLE_MODULES = YES;
				CLANG_ENABLE_OBJC_ARC = YES;
				CLANG_WARN_BOOL_CONVERSION = YES;
				CLANG_WARN_CONSTANT_CONVERSION = YES;
				CLANG_WARN_EMPTY_BODY = YES;
				CLANG_WARN_ENUM_CONVERSION = YES;
				CLANG_WARN_INT_CONVERSION = YES;
				CLANG_WARN__DUPLICATE_METHOD_MATCH = YES;
				GCC_C_LANGUAGE_STANDARD = c99;
				GCC_THUMB_SUPPORT = NO;
				GCC_VERSION = "";
				GCC_WARN_ABOUT_RETURN_TYPE = YES;
				GCC_WARN_UNDECLARED_SELECTOR = YES;
				GCC_WARN_UNINITIALIZED_AUTOS = YES;
				GCC_WARN_UNUSED_FUNCTION = YES;
				GCC_WARN_UNUSED_VARIABLE = YES;
				ONLY_ACTIVE_ARCH = YES;
				SDKROOT = iphoneos;
				SKIP_INSTALL = NO;
				CODE_SIGN_ENTITLEMENTS = "You Hold/Resources/You Hold.entitlements";
			};
			name = Debug;
		};
		C01FCF5008A954540054247B /* Release */ = {
			isa = XCBuildConfiguration;
			baseConfigurationReference = 3047A5111AB8059700498E2A /* build.xcconfig */;
			buildSettings = {
				ASSETCATALOG_COMPILER_LAUNCHIMAGE_NAME = LaunchImage;
				CLANG_ENABLE_MODULES = YES;
				CLANG_ENABLE_OBJC_ARC = YES;
				CLANG_WARN_BOOL_CONVERSION = YES;
				CLANG_WARN_CONSTANT_CONVERSION = YES;
				CLANG_WARN_EMPTY_BODY = YES;
				CLANG_WARN_ENUM_CONVERSION = YES;
				CLANG_WARN_INT_CONVERSION = YES;
				CLANG_WARN__DUPLICATE_METHOD_MATCH = YES;
				GCC_C_LANGUAGE_STANDARD = c99;
				GCC_THUMB_SUPPORT = NO;
				GCC_VERSION = "";
				GCC_WARN_ABOUT_RETURN_TYPE = YES;
				GCC_WARN_UNDECLARED_SELECTOR = YES;
				GCC_WARN_UNINITIALIZED_AUTOS = YES;
				GCC_WARN_UNUSED_FUNCTION = YES;
				GCC_WARN_UNUSED_VARIABLE = YES;
				SDKROOT = iphoneos;
				SKIP_INSTALL = NO;
				CODE_SIGN_ENTITLEMENTS = "You Hold/Resources/You Hold.entitlements";
			};
			name = Release;
		};
/* End XCBuildConfiguration section */

/* Begin XCConfigurationList section */
		1D6058960D05DD3E006BFB54 /* Build configuration list for PBXNativeTarget "You Hold" */ = {
			isa = XCConfigurationList;
			buildConfigurations = (
				1D6058940D05DD3E006BFB54 /* Debug */,
				1D6058950D05DD3E006BFB54 /* Release */,
			);
			defaultConfigurationIsVisible = 0;
			defaultConfigurationName = Release;
		};
		C01FCF4E08A954540054247B /* Build configuration list for PBXProject "You Hold" */ = {
			isa = XCConfigurationList;
			buildConfigurations = (
				C01FCF4F08A954540054247B /* Debug */,
				C01FCF5008A954540054247B /* Release */,
			);
			defaultConfigurationIsVisible = 0;
			defaultConfigurationName = Release;
		};
/* End XCConfigurationList section */
	};
	rootObject = 29B97313FDCFA39411CA2CEA /* Project object */;
}
